// !$*UTF8*$!
{
	archiveVersion = 1;
	classes = {
	};
	objectVersion = 77;
	objects = {

/* Begin PBXContainerItemProxy section */
		F5D0F2902F9DE6AF00F443B9 /* PBXContainerItemProxy */ = {
			isa = PBXContainerItemProxy;
			containerPortal = F5D0F2782F9DE6AE00F443B9 /* Project object */;
			proxyType = 1;
			remoteGlobalIDString = F5D0F27F2F9DE6AE00F443B9;
			remoteInfo = VerticalLog;
		};
		F5D0F29A2F9DE6AF00F443B9 /* PBXContainerItemProxy */ = {
			isa = PBXContainerItemProxy;
			containerPortal = F5D0F2782F9DE6AE00F443B9 /* Project object */;
			proxyType = 1;
			remoteGlobalIDString = F5D0F27F2F9DE6AE00F443B9;
			remoteInfo = VerticalLog;
		};
/* End PBXContainerItemProxy section */

/* Begin PBXFileReference section */
		F5D0F2802F9DE6AE00F443B9 /* VerticalLog.app */ = {isa = PBXFileReference; explicitFileType = wrapper.application; includeInIndex = 0; path = VerticalLog.app; sourceTree = BUILT_PRODUCTS_DIR; };
		F5D0F28F2F9DE6AF00F443B9 /* VerticalLogTests.xctest */ = {isa = PBXFileReference; explicitFileType = wrapper.cfbundle; includeInIndex = 0; path = VerticalLogTests.xctest; sourceTree = BUILT_PRODUCTS_DIR; };
		F5D0F2992F9DE6AF00F443B9 /* VerticalLogUITests.xctest */ = {isa = PBXFileReference; explicitFileType = wrapper.cfbundle; includeInIndex = 0; path = VerticalLogUITests.xctest; sourceTree = BUILT_PRODUCTS_DIR; };
/* End PBXFileReference section */

/* Begin PBXFileSystemSynchronizedRootGroup section */
		F5D0F2822F9DE6AE00F443B9 /* VerticalLog */ = {
			isa = PBXFileSystemSynchronizedRootGroup;
			path = VerticalLog;
			sourceTree = "<group>";
		};
		F5D0F2922F9DE6AF00F443B9 /* VerticalLogTests */ = {
			isa = PBXFileSystemSynchronizedRootGroup;
			path = VerticalLogTests;
			sourceTree = "<group>";
		};
		F5D0F29C2F9DE6AF00F443B9 /* VerticalLogUITests */ = {
			isa = PBXFileSystemSynchronizedRootGroup;
			path = VerticalLogUITests;
			sourceTree = "<group>";
		};
/* End PBXFileSystemSynchronizedRootGroup section */

/* Begin PBXFrameworksBuildPhase section */
		F5D0F27D2F9DE6AE00F443B9 /* Frameworks */ = {
			isa = PBXFrameworksBuildPhase;
			buildActionMask = 2147483647;
			files = (
			);
			runOnlyForDeploymentPostprocessing = 0;
		};
		F5D0F28C2F9DE6AF00F443B9 /* Frameworks */ = {
			isa = PBXFrameworksBuildPhase;
			buildActionMask = 2147483647;
			files = (
			);
			runOnlyForDeploymentPostprocessing = 0;
		};
		F5D0F2962F9DE6AF00F443B9 /* Frameworks */ = {
			isa = PBXFrameworksBuildPhase;
			buildActionMask = 2147483647;
			files = (
			);
			runOnlyForDeploymentPostprocessing = 0;
		};
/* End PBXFrameworksBuildPhase section */

/* Begin PBXGroup section */
		F5D0F2772F9DE6AE00F443B9 = {
			isa = PBXGroup;
			children = (
				F5D0F2822F9DE6AE00F443B9 /* VerticalLog */,
				F5D0F2922F9DE6AF00F443B9 /* VerticalLogTests */,
				F5D0F29C2F9DE6AF00F443B9 /* VerticalLogUITests */,
				F5D0F2812F9DE6AE00F443B9 /* Products */,
			);
			sourceTree = "<group>";
		};
		F5D0F2812F9DE6AE00F443B9 /* Products */ = {
			isa = PBXGroup;
			children = (
				F5D0F2802F9DE6AE00F443B9 /* VerticalLog.app */,
				F5D0F28F2F9DE6AF00F443B9 /* VerticalLogTests.xctest */,
				F5D0F2992F9DE6AF00F443B9 /* VerticalLogUITests.xctest */,
			);
			name = Products;
			sourceTree = "<group>";
		};
/* End PBXGroup section */

/* Begin PBXNativeTarget section */
		F5D0F27F2F9DE6AE00F443B9 /* VerticalLog */ = {
			isa = PBXNativeTarget;
			buildConfigurationList = F5D0F2A32F9DE6AF00F443B9 /* Build configuration list for PBXNativeTarget "VerticalLog" */;
			buildPhases = (
				F5D0F27C2F9DE6AE00F443B9 /* Sources */,
				F5D0F27D2F9DE6AE00F443B9 /* Frameworks */,
				F5D0F27E2F9DE6AE00F443B9 /* Resources */,
			);
			buildRules = (
			);
			dependencies = (
			);
			fileSystemSynchronizedGroups = (
				F5D0F2822F9DE6AE00F443B9 /* VerticalLog */,
			);
			name = VerticalLog;
			packageProductDependencies = (
			);
			productName = VerticalLog;
			productReference = F5D0F2802F9DE6AE00F443B9 /* VerticalLog.app */;
			productType = "com.apple.product-type.application";
		};
		F5D0F28E2F9DE6AF00F443B9 /* VerticalLogTests */ = {
			isa = PBXNativeTarget;
			buildConfigurationList = F5D0F2A62F9DE6AF00F443B9 /* Build configuration list for PBXNativeTarget "VerticalLogTests" */;
			buildPhases = (
				F5D0F28B2F9DE6AF00F443B9 /* Sources */,
				F5D0F28C2F9DE6AF00F443B9 /* Frameworks */,
				F5D0F28D2F9DE6AF00F443B9 /* Resources */,
			);
			buildRules = (
			);
			dependencies = (
				F5D0F2912F9DE6AF00F443B9 /* PBXTargetDependency */,
			);
			fileSystemSynchronizedGroups = (
				F5D0F2922F9DE6AF00F443B9 /* VerticalLogTests */,
			);
			name = VerticalLogTests;
			packageProductDependencies = (
			);
			productName = VerticalLogTests;
			productReference = F5D0F28F2F9DE6AF00F443B9 /* VerticalLogTests.xctest */;
			productType = "com.apple.product-type.bundle.unit-test";
		};
		F5D0F2982F9DE6AF00F443B9 /* VerticalLogUITests */ = {
			isa = PBXNativeTarget;
			buildConfigurationList = F5D0F2A92F9DE6AF00F443B9 /* Build configuration list for PBXNativeTarget "VerticalLogUITests" */;
			buildPhases = (
				F5D0F2952F9DE6AF00F443B9 /* Sources */,
				F5D0F2962F9DE6AF00F443B9 /* Frameworks */,
				F5D0F2972F9DE6AF00F443B9 /* Resources */,
			);
			buildRules = (
			);
			dependencies = (
				F5D0F29B2F9DE6AF00F443B9 /* PBXTargetDependency */,
			);
			fileSystemSynchronizedGroups = (
				F5D0F29C2F9DE6AF00F443B9 /* VerticalLogUITests */,
			);
			name = VerticalLogUITests;
			packageProductDependencies = (
			);
			productName = VerticalLogUITests;
			productReference = F5D0F2992F9DE6AF00F443B9 /* VerticalLogUITests.xctest */;
			productType = "com.apple.product-type.bundle.ui-testing";
		};
/* End PBXNativeTarget section */

/* Begin PBXProject section */
		F5D0F2782F9DE6AE00F443B9 /* Project object */ = {
			isa = PBXProject;
			attributes = {
				BuildIndependentTargetsInParallel = 1;
				LastSwiftUpdateCheck = 2600;
				LastUpgradeCheck = 2600;
				TargetAttributes = {
					F5D0F27F2F9DE6AE00F443B9 = {
						CreatedOnToolsVersion = 26.0.1;
					};
					F5D0F28E2F9DE6AF00F443B9 = {
						CreatedOnToolsVersion = 26.0.1;
						TestTargetID = F5D0F27F2F9DE6AE00F443B9;
					};
					F5D0F2982F9DE6AF00F443B9 = {
						CreatedOnToolsVersion = 26.0.1;
						TestTargetID = F5D0F27F2F9DE6AE00F443B9;
					};
				};
			};
			buildConfigurationList = F5D0F27B2F9DE6AE00F443B9 /* Build configuration list for PBXProject "VerticalLog" */;
			developmentRegion = en;
			hasScannedForEncodings = 0;
			knownRegions = (
				en,
				Base,
			);
			mainGroup = F5D0F2772F9DE6AE00F443B9;
			minimizedProjectReferenceProxies = 1;
			preferredProjectObjectVersion = 77;
			productRefGroup = F5D0F2812F9DE6AE00F443B9 /* Products */;
			projectDirPath = "";
			projectRoot = "";
			targets = (
				F5D0F27F2F9DE6AE00F443B9 /* VerticalLog */,
				F5D0F28E2F9DE6AF00F443B9 /* VerticalLogTests */,
				F5D0F2982F9DE6AF00F443B9 /* VerticalLogUITests */,
			);
		};
/* End PBXProject section */

/* Begin PBXResourcesBuildPhase section */
		F5D0F27E2F9DE6AE00F443B9 /* Resources */ = {
			isa = PBXResourcesBuildPhase;
			buildActionMask = 2147483647;
			files = (
			);
			runOnlyForDeploymentPostprocessing = 0;
		};
		F5D0F28D2F9DE6AF00F443B9 /* Resources */ = {
			isa = PBXResourcesBuildPhase;
			buildActionMask = 2147483647;
			files = (
			);
			runOnlyForDeploymentPostprocessing = 0;
		};
		F5D0F2972F9DE6AF00F443B9 /* Resources */ = {
			isa = PBXResourcesBuildPhase;
			buildActionMask = 2147483647;
			files = (
			);
			runOnlyForDeploymentPostprocessing = 0;
		};
/* End PBXResourcesBuildPhase section */

/* Begin PBXSourcesBuildPhase section */
		F5D0F27C2F9DE6AE00F443B9 /* Sources */ = {
			isa = PBXSourcesBuildPhase;
			buildActionMask = 2147483647;
			files = (
			);
			runOnlyForDeploymentPostprocessing = 0;
		};
		F5D0F28B2F9DE6AF00F443B9 /* Sources */ = {
			isa = PBXSourcesBuildPhase;
			buildActionMask = 2147483647;
			files = (
			);
			runOnlyForDeploymentPostprocessing = 0;
		};
		F5D0F2952F9DE6AF00F443B9 /* Sources */ = {
			isa = PBXSourcesBuildPhase;
			buildActionMask = 2147483647;
			files = (
			);
			runOnlyForDeploymentPostprocessing = 0;
		};
/* End PBXSourcesBuildPhase section */

/* Begin PBXTargetDependency section */
		F5D0F2912F9DE6AF00F443B9 /* PBXTargetDependency */ = {
			isa = PBXTargetDependency;
			target = F5D0F27F2F9DE6AE00F443B9 /* VerticalLog */;
			targetProxy = F5D0F2902F9DE6AF00F443B9 /* PBXContainerItemProxy */;
		};
		F5D0F29B2F9DE6AF00F443B9 /* PBXTargetDependency */ = {
			isa = PBXTargetDependency;
			target = F5D0F27F2F9DE6AE00F443B9 /* VerticalLog */;
			targetProxy = F5D0F29A2F9DE6AF00F443B9 /* PBXContainerItemProxy */;
		};
/* End PBXTargetDependency section */

/* Begin XCBuildConfiguration section */
		F5D0F2A12F9DE6AF00F443B9 /* Debug */ = {
			isa = XCBuildConfiguration;
			buildSettings = {
				ALWAYS_SEARCH_USER_PATHS = NO;
				ASSETCATALOG_COMPILER_GENERATE_SWIFT_ASSET_SYMBOL_EXTENSIONS = YES;
				CLANG_ANALYZER_NONNULL = YES;
				CLANG_ANALYZER_NUMBER_OBJECT_CONVERSION = YES_AGGRESSIVE;
				CLANG_CXX_LANGUAGE_STANDARD = "gnu++20";
				CLANG_ENABLE_MODULES = YES;
				CLANG_ENABLE_OBJC_ARC = YES;
				CLANG_ENABLE_OBJC_WEAK = YES;
				CLANG_WARN_BLOCK_CAPTURE_AUTORELEASING = YES;
				CLANG_WARN_BOOL_CONVERSION = YES;
				CLANG_WARN_COMMA = YES;
				CLANG_WARN_CONSTANT_CONVERSION = YES;
				CLANG_WARN_DEPRECATED_OBJC_IMPLEMENTATIONS = YES;
				CLANG_WARN_DIRECT_OBJC_ISA_USAGE = YES_ERROR;
				CLANG_WARN_DOCUMENTATION_COMMENTS = YES;
				CLANG_WARN_EMPTY_BODY = YES;
				CLANG_WARN_ENUM_CONVERSION = YES;
				CLANG_WARN_INFINITE_RECURSION = YES;
				CLANG_WARN_INT_CONVERSION = YES;
				CLANG_WARN_NON_LITERAL_NULL_CONVERSION = YES;
				CLANG_WARN_OBJC_IMPLICIT_RETAIN_SELF = YES;
				CLANG_WARN_OBJC_LITERAL_CONVERSION = YES;
				CLANG_WARN_OBJC_ROOT_CLASS = YES_ERROR;
				CLANG_WARN_QUOTED_INCLUDE_IN_FRAMEWORK_HEADER = YES;
				CLANG_WARN_RANGE_LOOP_ANALYSIS = YES;
				CLANG_WARN_STRICT_PROTOTYPES = YES;
				CLANG_WARN_SUSPICIOUS_MOVE = YES;
				CLANG_WARN_UNGUARDED_AVAILABILITY = YES_AGGRESSIVE;
				CLANG_WARN_UNREACHABLE_CODE = YES;
				CLANG_WARN__DUPLICATE_METHOD_MATCH = YES;
				COPY_PHASE_STRIP = NO;
				DEBUG_INFORMATION_FORMAT = dwarf;
				DEVELOPMENT_TEAM = ZMXTCSPNUZ;
				ENABLE_STRICT_OBJC_MSGSEND = YES;
				ENABLE_TESTABILITY = YES;
				ENABLE_USER_SCRIPT_SANDBOXING = YES;
				GCC_C_LANGUAGE_STANDARD = gnu17;
				GCC_DYNAMIC_NO_PIC = NO;
				GCC_NO_COMMON_BLOCKS = YES;
				GCC_OPTIMIZATION_LEVEL = 0;
				GCC_PREPROCESSOR_DEFINITIONS = (
					"DEBUG=1",
					"$(inherited)",
				);
				GCC_WARN_64_TO_32_BIT_CONVERSION = YES;
				GCC_WARN_ABOUT_RETURN_TYPE = YES_ERROR;
				GCC_WARN_UNDECLARED_SELECTOR = YES;
				GCC_WARN_UNINITIALIZED_AUTOS = YES_AGGRESSIVE;
				GCC_WARN_UNUSED_FUNCTION = YES;
				GCC_WARN_UNUSED_VARIABLE = YES;
				IPHONEOS_DEPLOYMENT_TARGET = 26.0;
				LOCALIZATION_PREFERS_STRING_CATALOGS = YES;
				MTL_ENABLE_DEBUG_INFO = INCLUDE_SOURCE;
				MTL_FAST_MATH = YES;
				ONLY_ACTIVE_ARCH = YES;
				SDKROOT = iphoneos;
				SWIFT_ACTIVE_COMPILATION_CONDITIONS = "DEBUG $(inherited)";
				SWIFT_OPTIMIZATION_LEVEL = "-Onone";
			};
			name = Debug;
		};
		F5D0F2A22F9DE6AF00F443B9 /* Release */ = {
			isa = XCBuildConfiguration;
			buildSettings = {
				ALWAYS_SEARCH_USER_PATHS = NO;
				ASSETCATALOG_COMPILER_GENERATE_SWIFT_ASSET_SYMBOL_EXTENSIONS = YES;
				CLANG_ANALYZER_NONNULL = YES;
				CLANG_ANALYZER_NUMBER_OBJECT_CONVERSION = YES_AGGRESSIVE;
				CLANG_CXX_LANGUAGE_STANDARD = "gnu++20";
				CLANG_ENABLE_MODULES = YES;
				CLANG_ENABLE_OBJC_ARC = YES;
				CLANG_ENABLE_OBJC_WEAK = YES;
				CLANG_WARN_BLOCK_CAPTURE_AUTORELEASING = YES;
				CLANG_WARN_BOOL_CONVERSION = YES;
				CLANG_WARN_COMMA = YES;
				CLANG_WARN_CONSTANT_CONVERSION = YES;
				CLANG_WARN_DEPRECATED_OBJC_IMPLEMENTATIONS = YES;
				CLANG_WARN_DIRECT_OBJC_ISA_USAGE = YES_ERROR;
				CLANG_WARN_DOCUMENTATION_COMMENTS = YES;
				CLANG_WARN_EMPTY_BODY = YES;
				CLANG_WARN_ENUM_CONVERSION = YES;
				CLANG_WARN_INFINITE_RECURSION = YES;
				CLANG_WARN_INT_CONVERSION = YES;
				CLANG_WARN_NON_LITERAL_NULL_CONVERSION = YES;
				CLANG_WARN_OBJC_IMPLICIT_RETAIN_SELF = YES;
				CLANG_WARN_OBJC_LITERAL_CONVERSION = YES;
				CLANG_WARN_OBJC_ROOT_CLASS = YES_ERROR;
				CLANG_WARN_QUOTED_INCLUDE_IN_FRAMEWORK_HEADER = YES;
				CLANG_WARN_RANGE_LOOP_ANALYSIS = YES;
				CLANG_WARN_STRICT_PROTOTYPES = YES;
				CLANG_WARN_SUSPICIOUS_MOVE = YES;
				CLANG_WARN_UNGUARDED_AVAILABILITY = YES_AGGRESSIVE;
				CLANG_WARN_UNREACHABLE_CODE = YES;
				CLANG_WARN__DUPLICATE_METHOD_MATCH = YES;
				COPY_PHASE_STRIP = NO;
				DEBUG_INFORMATION_FORMAT = "dwarf-with-dsym";
				DEVELOPMENT_TEAM = ZMXTCSPNUZ;
				ENABLE_NS_ASSERTIONS = NO;
				ENABLE_STRICT_OBJC_MSGSEND = YES;
				ENABLE_USER_SCRIPT_SANDBOXING = YES;
				GCC_C_LANGUAGE_STANDARD = gnu17;
				GCC_NO_COMMON_BLOCKS = YES;
				GCC_WARN_64_TO_32_BIT_CONVERSION = YES;
				GCC_WARN_ABOUT_RETURN_TYPE = YES_ERROR;
				GCC_WARN_UNDECLARED_SELECTOR = YES;
				GCC_WARN_UNINITIALIZED_AUTOS = YES_AGGRESSIVE;
				GCC_WARN_UNUSED_FUNCTION = YES;
				GCC_WARN_UNUSED_VARIABLE = YES;
				IPHONEOS_DEPLOYMENT_TARGET = 26.0;
				LOCALIZATION_PREFERS_STRING_CATALOGS = YES;
				MTL_ENABLE_DEBUG_INFO = NO;
				MTL_FAST_MATH = YES;
				SDKROOT = iphoneos;
				SWIFT_COMPILATION_MODE = wholemodule;
				VALIDATE_PRODUCT = YES;
			};
			name = Release;
		};
		F5D0F2A42F9DE6AF00F443B9 /* Debug */ = {
			isa = XCBuildConfiguration;
			buildSettings = {
				ASSETCATALOG_COMPILER_APPICON_NAME = AppIcon;
				ASSETCATALOG_COMPILER_GLOBAL_ACCENT_COLOR_NAME = AccentColor;
				CODE_SIGN_ENTITLEMENTS = VerticalLog/VerticalLog.entitlements;
				CODE_SIGN_STYLE = Automatic;
				CURRENT_PROJECT_VERSION = 1;
				DEVELOPMENT_TEAM = ZMXTCSPNUZ;
				ENABLE_PREVIEWS = YES;
				GENERATE_INFOPLIST_FILE = YES;
				INFOPLIST_KEY_CFBundleDisplayName = "Time Log";
				INFOPLIST_KEY_UIApplicationSceneManifest_Generation = YES;
				INFOPLIST_KEY_UIApplicationSupportsIndirectInputEvents = YES;
				INFOPLIST_KEY_UILaunchScreen_Generation = YES;
				INFOPLIST_KEY_UISupportedInterfaceOrientations_iPad = "UIInterfaceOrientationPortrait UIInterfaceOrientationPortraitUpsideDown UIInterfaceOrientationLandscapeLeft UIInterfaceOrientationLandscapeRight";
				INFOPLIST_KEY_UISupportedInterfaceOrientations_iPhone = "UIInterfaceOrientationPortrait UIInterfaceOrientationLandscapeLeft UIInterfaceOrientationLandscapeRight";
				LD_RUNPATH_SEARCH_PATHS = (
					"$(inherited)",
					"@executable_path/Frameworks",
				);
				MARKETING_VERSION = 1.0;
				PRODUCT_BUNDLE_IDENTIFIER = com.itlearning.VerticalLog;
				PRODUCT_NAME = "$(TARGET_NAME)";
				STRING_CATALOG_GENERATE_SYMBOLS = YES;
				SWIFT_APPROACHABLE_CONCURRENCY = YES;
				SWIFT_DEFAULT_ACTOR_ISOLATION = MainActor;
				SWIFT_EMIT_LOC_STRINGS = YES;
				SWIFT_UPCOMING_FEATURE_MEMBER_IMPORT_VISIBILITY = YES;
				SWIFT_VERSION = 5.0;
				TARGETED_DEVICE_FAMILY = "1,2";
			};
			name = Debug;
		};
		F5D0F2A52F9DE6AF00F443B9 /* Release */ = {
			isa = XCBuildConfiguration;
			buildSettings = {
				ASSETCATALOG_COMPILER_APPICON_NAME = AppIcon;
				ASSETCATALOG_COMPILER_GLOBAL_ACCENT_COLOR_NAME = AccentColor;
				CODE_SIGN_ENTITLEMENTS = VerticalLog/VerticalLog.entitlements;
				CODE_SIGN_STYLE = Automatic;
				CURRENT_PROJECT_VERSION = 1;
				DEVELOPMENT_TEAM = ZMXTCSPNUZ;
				ENABLE_PREVIEWS = YES;
				GENERATE_INFOPLIST_FILE = YES;
				INFOPLIST_KEY_CFBundleDisplayName = "Time Log";
				INFOPLIST_KEY_UIApplicationSceneManifest_Generation = YES;
				INFOPLIST_KEY_UIApplicationSupportsIndirectInputEvents = YES;
				INFOPLIST_KEY_UILaunchScreen_Generation = YES;
				INFOPLIST_KEY_UISupportedInterfaceOrientations_iPad = "UIInterfaceOrientationPortrait UIInterfaceOrientationPortraitUpsideDown UIInterfaceOrientationLandscapeLeft UIInterfaceOrientationLandscapeRight";
				INFOPLIST_KEY_UISupportedInterfaceOrientations_iPhone = "UIInterfaceOrientationPortrait UIInterfaceOrientationLandscapeLeft UIInterfaceOrientationLandscapeRight";
				LD_RUNPATH_SEARCH_PATHS = (
					"$(inherited)",
					"@executable_path/Frameworks",
				);
				MARKETING_VERSION = 1.0;
				PRODUCT_BUNDLE_IDENTIFIER = com.itlearning.VerticalLog;
				PRODUCT_NAME = "$(TARGET_NAME)";
				STRING_CATALOG_GENERATE_SYMBOLS = YES;
				SWIFT_APPROACHABLE_CONCURRENCY = YES;
				SWIFT_DEFAULT_ACTOR_ISOLATION = MainActor;
				SWIFT_EMIT_LOC_STRINGS = YES;
				SWIFT_UPCOMING_FEATURE_MEMBER_IMPORT_VISIBILITY = YES;
				SWIFT_VERSION = 5.0;
				TARGETED_DEVICE_FAMILY = "1,2";
			};
			name = Release;
		};
		F5D0F2A72F9DE6AF00F443B9 /* Debug */ = {
			isa = XCBuildConfiguration;
			buildSettings = {
				BUNDLE_LOADER = "$(TEST_HOST)";
				CODE_SIGN_STYLE = Automatic;
				CURRENT_PROJECT_VERSION = 1;
				DEVELOPMENT_TEAM = ZMXTCSPNUZ;
				GENERATE_INFOPLIST_FILE = YES;
				IPHONEOS_DEPLOYMENT_TARGET = 26.0;
				MARKETING_VERSION = 1.0;
				PRODUCT_BUNDLE_IDENTIFIER = com.itlearning.codestudy.VerticalLogTests;
				PRODUCT_NAME = "$(TARGET_NAME)";
				STRING_CATALOG_GENERATE_SYMBOLS = NO;
				SWIFT_APPROACHABLE_CONCURRENCY = YES;
				SWIFT_EMIT_LOC_STRINGS = NO;
				SWIFT_UPCOMING_FEATURE_MEMBER_IMPORT_VISIBILITY = YES;
				SWIFT_VERSION = 5.0;
				TARGETED_DEVICE_FAMILY = "1,2";
				TEST_HOST = "$(BUILT_PRODUCTS_DIR)/VerticalLog.app/$(BUNDLE_EXECUTABLE_FOLDER_PATH)/VerticalLog";
			};
			name = Debug;
		};
		F5D0F2A82F9DE6AF00F443B9 /* Release */ = {
			isa = XCBuildConfiguration;
			buildSettings = {
				BUNDLE_LOADER = "$(TEST_HOST)";
				CODE_SIGN_STYLE = Automatic;
				CURRENT_PROJECT_VERSION = 1;
				DEVELOPMENT_TEAM = ZMXTCSPNUZ;
				GENERATE_INFOPLIST_FILE = YES;
				IPHONEOS_DEPLOYMENT_TARGET = 26.0;
				MARKETING_VERSION = 1.0;
				PRODUCT_BUNDLE_IDENTIFIER = com.itlearning.codestudy.VerticalLogTests;
				PRODUCT_NAME = "$(TARGET_NAME)";
				STRING_CATALOG_GENERATE_SYMBOLS = NO;
				SWIFT_APPROACHABLE_CONCURRENCY = YES;
				SWIFT_EMIT_LOC_STRINGS = NO;
				SWIFT_UPCOMING_FEATURE_MEMBER_IMPORT_VISIBILITY = YES;
				SWIFT_VERSION = 5.0;
				TARGETED_DEVICE_FAMILY = "1,2";
				TEST_HOST = "$(BUILT_PRODUCTS_DIR)/VerticalLog.app/$(BUNDLE_EXECUTABLE_FOLDER_PATH)/VerticalLog";
			};
			name = Release;
		};
		F5D0F2AA2F9DE6AF00F443B9 /* Debug */ = {
			isa = XCBuildConfiguration;
			buildSettings = {
				CODE_SIGN_STYLE = Automatic;
				CURRENT_PROJECT_VERSION = 1;
				DEVELOPMENT_TEAM = ZMXTCSPNUZ;
				GENERATE_INFOPLIST_FILE = YES;
				MARKETING_VERSION = 1.0;
				PRODUCT_BUNDLE_IDENTIFIER = com.itlearning.codestudy.VerticalLogUITests;
				PRODUCT_NAME = "$(TARGET_NAME)";
				STRING_CATALOG_GENERATE_SYMBOLS = NO;
				SWIFT_APPROACHABLE_CONCURRENCY = YES;
				SWIFT_EMIT_LOC_STRINGS = NO;
				SWIFT_UPCOMING_FEATURE_MEMBER_IMPORT_VISIBILITY = YES;
				SWIFT_VERSION = 5.0;
				TARGETED_DEVICE_FAMILY = "1,2";
				TEST_TARGET_NAME = VerticalLog;
			};
			name = Debug;
		};
		F5D0F2AB2F9DE6AF00F443B9 /* Release */ = {
			isa = XCBuildConfiguration;
			buildSettings = {
				CODE_SIGN_STYLE = Automatic;
				CURRENT_PROJECT_VERSION = 1;
				DEVELOPMENT_TEAM = ZMXTCSPNUZ;
				GENERATE_INFOPLIST_FILE = YES;
				MARKETING_VERSION = 1.0;
				PRODUCT_BUNDLE_IDENTIFIER = com.itlearning.codestudy.VerticalLogUITests;
				PRODUCT_NAME = "$(TARGET_NAME)";
				STRING_CATALOG_GENERATE_SYMBOLS = NO;
				SWIFT_APPROACHABLE_CONCURRENCY = YES;
				SWIFT_EMIT_LOC_STRINGS = NO;
				SWIFT_UPCOMING_FEATURE_MEMBER_IMPORT_VISIBILITY = YES;
				SWIFT_VERSION = 5.0;
				TARGETED_DEVICE_FAMILY = "1,2";
				TEST_TARGET_NAME = VerticalLog;
			};
			name = Release;
		};
/* End XCBuildConfiguration section */

/* Begin XCConfigurationList section */
		F5D0F27B2F9DE6AE00F443B9 /* Build configuration list for PBXProject "VerticalLog" */ = {
			isa = XCConfigurationList;
			buildConfigurations = (
				F5D0F2A12F9DE6AF00F443B9 /* Debug */,
				F5D0F2A22F9DE6AF00F443B9 /* Release */,
			);
			defaultConfigurationIsVisible = 0;
			defaultConfigurationName = Release;
		};
		F5D0F2A32F9DE6AF00F443B9 /* Build configuration list for PBXNativeTarget "VerticalLog" */ = {
			isa = XCConfigurationList;
			buildConfigurations = (
				F5D0F2A42F9DE6AF00F443B9 /* Debug */,
				F5D0F2A52F9DE6AF00F443B9 /* Release */,
			);
			defaultConfigurationIsVisible = 0;
			defaultConfigurationName = Release;
		};
		F5D0F2A62F9DE6AF00F443B9 /* Build configuration list for PBXNativeTarget "VerticalLogTests" */ = {
			isa = XCConfigurationList;
			buildConfigurations = (
				F5D0F2A72F9DE6AF00F443B9 /* Debug */,
				F5D0F2A82F9DE6AF00F443B9 /* Release */,
			);
			defaultConfigurationIsVisible = 0;
			defaultConfigurationName = Release;
		};
		F5D0F2A92F9DE6AF00F443B9 /* Build configuration list for PBXNativeTarget "VerticalLogUITests" */ = {
			isa = XCConfigurationList;
			buildConfigurations = (
				F5D0F2AA2F9DE6AF00F443B9 /* Debug */,
				F5D0F2AB2F9DE6AF00F443B9 /* Release */,
			);
			defaultConfigurationIsVisible = 0;
			defaultConfigurationName = Release;
		};
/* End XCConfigurationList section */
	};
	rootObject = F5D0F2782F9DE6AE00F443B9 /* Project object */;
}
